{
    "_meta": {
        "hash": {
            "sha256": "7f0eeafdb261bbe57c4115f6e747d9d27b8f564dca4ccb9004ac7453112ecac7"
        },
        "pipfile-spec": 6,
        "requires": {
            "python_version": "3.10"
        },
        "sources": [
            {
                "name": "pypi",
                "url": "https://pypi.org/simple",
                "verify_ssl": true
            }
        ]
    },
    "default": {
        "glfw": {
            "hashes": [
                "sha256:09ef5c8ab888d58db9e607af5525088db24fe43a39649f24a3447dad0f7a174d",
                "sha256:1a33f391a22952de524c694a22cf0614d2949503519f2f7f58b0a3d2defdd9be",
                "sha256:1c6ffe20350bd7931c4954720fbef498c2e9bce43ebd719c41de9e87c3fb7173",
                "sha256:1d73640474ee0fdfcb32dc255ba41ee932a5ed924cbf62c53577d6b26c204dd1",
                "sha256:1e9fb75db4acbfc25ae3e7ab5b3cb1b760e927a2be49200cfe8ab7162db33df2",
                "sha256:3301de161e234fcc5f182b5157c3177f8e23ef35893060c47f12770c11a60932",
                "sha256:5ab10ad838d6096eeeb778a291aab3893eeb31abe8e356f8a8f0e338cd8d25c9",
                "sha256:9508e840f25e72e8efbdcc772b87b4c35cacd66c1c9e6bd0bbb08cded070ccc4",
                "sha256:a282a2a742a0d01734dbde746dfc8f696f76373520494e40f39f60615408426d"
            ],
            "index": "pypi",
            "version": "==2.5.5"
        },
        "pyopengl": {
            "hashes": [
                "sha256:57c597d989178e1413002df6b923619f6d29807501dece1c60cc6f12c0c8e8a7",
                "sha256:8ea6c8773927eda7405bffc6f5bb93be81569a7b05c8cac50cd94e969dce5e27",
                "sha256:a7139bc3e15d656feae1f7e3ef68c799941ed43fadc78177a23db7e946c20738"
            ],
            "index": "pypi",
            "version": "==3.1.6"
        }
    },
    "develop": {}
}
